
Microsoft Visual Studio Solution File, Format Version 12.00
# Visual Studio Version 16
VisualStudioVersion = 16.0.32106.194
MinimumVisualStudioVersion = 10.0.40219.1
Project("{9A19103F-16F7-4668-BE54-9A1E7A4F7556}") = "Exceptions", "demo1\Exceptions.csproj", "{B7529021-B335-499B-8474-E16D95639159}"
EndProject
Project("{9A19103F-16F7-4668-BE54-9A1E7A4F7556}") = "InnerException", "Demo2\InnerException.csproj", "{2DE4ECA5-93BF-41D1-A2DC-70C2F68C583F}"
EndProject
Project("{FAE04EC0-301F-11D3-BF4B-00C04F79EFBC}") = "CustomExceptions", "CustomExceptions\CustomExceptions.csproj", "{CAEB502F-F733-4CE2-95AB-1A5CD4CDB857}"
EndProject
Project("{FAE04EC0-301F-11D3-BF4B-00C04F79EFBC}") = "Exception-Misuse", "Exception-Misuse\Exception-Misuse.csproj", "{3041F9F0-1934-455C-AA9D-96D5A8152844}"
EndProject
Project("{FAE04EC0-301F-11D3-BF4B-00C04F79EFBC}") = "customizing-error-handling", "customizing-error-handling\customizing-error-handling.csproj", "{B7EEBD4D-FA18-48FC-868B-9D4752060632}"
EndProject
Global
	GlobalSection(SolutionConfigurationPlatforms) = preSolution
		Debug|Any CPU = Debug|Any CPU
		Release|Any CPU = Release|Any CPU
	EndGlobalSection
	GlobalSection(ProjectConfigurationPlatforms) = postSolution
		{B7529021-B335-499B-8474-E16D95639159}.Debug|Any CPU.ActiveCfg = Debug|Any CPU
		{B7529021-B335-499B-8474-E16D95639159}.Debug|Any CPU.Build.0 = Debug|Any CPU
		{B7529021-B335-499B-8474-E16D95639159}.Release|Any CPU.ActiveCfg = Release|Any CPU
		{B7529021-B335-499B-8474-E16D95639159}.Release|Any CPU.Build.0 = Release|Any CPU
		{2DE4ECA5-93BF-41D1-A2DC-70C2F68C583F}.Debug|Any CPU.ActiveCfg = Debug|Any CPU
		{2DE4ECA5-93BF-41D1-A2DC-70C2F68C583F}.Debug|Any CPU.Build.0 = Debug|Any CPU
		{2DE4ECA5-93BF-41D1-A2DC-70C2F68C583F}.Release|Any CPU.ActiveCfg = Release|Any CPU
		{2DE4ECA5-93BF-41D1-A2DC-70C2F68C583F}.Release|Any CPU.Build.0 = Release|Any CPU
		{CAEB502F-F733-4CE2-95AB-1A5CD4CDB857}.Debug|Any CPU.ActiveCfg = Debug|Any CPU
		{CAEB502F-F733-4CE2-95AB-1A5CD4CDB857}.Debug|Any CPU.Build.0 = Debug|Any CPU
		{CAEB502F-F733-4CE2-95AB-1A5CD4CDB857}.Release|Any CPU.ActiveCfg = Release|Any CPU
		{CAEB502F-F733-4CE2-95AB-1A5CD4CDB857}.Release|Any CPU.Build.0 = Release|Any CPU
		{3041F9F0-1934-455C-AA9D-96D5A8152844}.Debug|Any CPU.ActiveCfg = Debug|Any CPU
		{3041F9F0-1934-455C-AA9D-96D5A8152844}.Debug|Any CPU.Build.0 = Debug|Any CPU
		{3041F9F0-1934-455C-AA9D-96D5A8152844}.Release|Any CPU.ActiveCfg = Release|Any CPU
		{3041F9F0-1934-455C-AA9D-96D5A8152844}.Release|Any CPU.Build.0 = Release|Any CPU
		{B7EEBD4D-FA18-48FC-868B-9D4752060632}.Debug|Any CPU.ActiveCfg = Debug|Any CPU
		{B7EEBD4D-FA18-48FC-868B-9D4752060632}.Debug|Any CPU.Build.0 = Debug|Any CPU
		{B7EEBD4D-FA18-48FC-868B-9D4752060632}.Release|Any CPU.ActiveCfg = Release|Any CPU
		{B7EEBD4D-FA18-48FC-868B-9D4752060632}.Release|Any CPU.Build.0 = Release|Any CPU
	EndGlobalSection
	GlobalSection(SolutionProperties) = preSolution
		HideSolutionNode = FALSE
	EndGlobalSection
	GlobalSection(ExtensibilityGlobals) = postSolution
		SolutionGuid = {5AECE41B-D6CA-43A5-91C3-7D389B616221}
	EndGlobalSection
EndGlobal
