
Microsoft Visual Studio Solution File, Format Version 12.00
# Visual Studio Version 16
VisualStudioVersion = 16.0.32106.194
MinimumVisualStudioVersion = 10.0.40219.1
Project("{FAE04EC0-301F-11D3-BF4B-00C04F79EFBC}") = "Demo1", "Demo1\Demo1.csproj", "{ACF8BD24-EEE9-445F-BBD0-77099FE551D4}"
EndProject
Project("{FAE04EC0-301F-11D3-BF4B-00C04F79EFBC}") = "Demo2", "Demo2\Demo2.csproj", "{1F7BE55C-1ED0-449A-A2AB-57E1F504CA1C}"
EndProject
Global
	GlobalSection(SolutionConfigurationPlatforms) = preSolution
		Debug|Any CPU = Debug|Any CPU
		Release|Any CPU = Release|Any CPU
	EndGlobalSection
	GlobalSection(ProjectConfigurationPlatforms) = postSolution
		{ACF8BD24-EEE9-445F-BBD0-77099FE551D4}.Debug|Any CPU.ActiveCfg = Debug|Any CPU
		{ACF8BD24-EEE9-445F-BBD0-77099FE551D4}.Debug|Any CPU.Build.0 = Debug|Any CPU
		{ACF8BD24-EEE9-445F-BBD0-77099FE551D4}.Release|Any CPU.ActiveCfg = Release|Any CPU
		{ACF8BD24-EEE9-445F-BBD0-77099FE551D4}.Release|Any CPU.Build.0 = Release|Any CPU
		{1F7BE55C-1ED0-449A-A2AB-57E1F504CA1C}.Debug|Any CPU.ActiveCfg = Debug|Any CPU
		{1F7BE55C-1ED0-449A-A2AB-57E1F504CA1C}.Debug|Any CPU.Build.0 = Debug|Any CPU
		{1F7BE55C-1ED0-449A-A2AB-57E1F504CA1C}.Release|Any CPU.ActiveCfg = Release|Any CPU
		{1F7BE55C-1ED0-449A-A2AB-57E1F504CA1C}.Release|Any CPU.Build.0 = Release|Any CPU
	EndGlobalSection
	GlobalSection(SolutionProperties) = preSolution
		HideSolutionNode = FALSE
	EndGlobalSection
	GlobalSection(ExtensibilityGlobals) = postSolution
		SolutionGuid = {47C9AB83-2882-4E30-A1FF-8B14265C003A}
	EndGlobalSection
EndGlobal
